// !$*UTF8*$!
{
	archiveVersion = 1;
	classes = {
	};
	objectVersion = 50;
	objects = {

/* Begin PBXBuildFile section */
		AE260C7E2243CE82009E4346 /* NetStak.h in Headers */ = {isa = PBXBuildFile; fileRef = AE260C7C2243CE82009E4346 /* NetStak.h */; settings = {ATTRIBUTES = (Public, ); }; };
		AE260C852243CEAA009E4346 /* NetStakSession.swift in Sources */ = {isa = PBXBuildFile; fileRef = AE260C842243CEAA009E4346 /* NetStakSession.swift */; };
		AED335102243DBE300837358 /* NetStakRequestProtocol.swift in Sources */ = {isa = PBXBuildFile; fileRef = AED3350F2243DBE300837358 /* NetStakRequestProtocol.swift */; };
		AED335122243DC3100837358 /* NetStakServiceConstants.swift in Sources */ = {isa = PBXBuildFile; fileRef = AED335112243DC3100837358 /* NetStakServiceConstants.swift */; };
		AED335142243DCFC00837358 /* NetStakResponseProtocol.swift in Sources */ = {isa = PBXBuildFile; fileRef = AED335132243DCFC00837358 /* NetStakResponseProtocol.swift */; };
		AED335182243E1E500837358 /* NetStakServerConnection.swift in Sources */ = {isa = PBXBuildFile; fileRef = AED335172243E1E500837358 /* NetStakServerConnection.swift */; };
		AED3351A2243E45200837358 /* NetStakMockJsonReader.swift in Sources */ = {isa = PBXBuildFile; fileRef = AED335192243E45200837358 /* NetStakMockJsonReader.swift */; };
		AED3351C2243E48C00837358 /* NetStakServiceError.swift in Sources */ = {isa = PBXBuildFile; fileRef = AED3351B2243E48C00837358 /* NetStakServiceError.swift */; };
		AED3351E2243E71100837358 /* NetStakURLHelper.swift in Sources */ = {isa = PBXBuildFile; fileRef = AED3351D2243E71100837358 /* NetStakURLHelper.swift */; };
		AED335202243E7F700837358 /* NetStakURLRequest.swift in Sources */ = {isa = PBXBuildFile; fileRef = AED3351F2243E7F700837358 /* NetStakURLRequest.swift */; };
		AED3352E2243F87D00837358 /* NetStak.framework in Frameworks */ = {isa = PBXBuildFile; fileRef = AE260C792243CE82009E4346 /* NetStak.framework */; };
		AED335352243F97700837358 /* NetStakURLHelperTests.swift in Sources */ = {isa = PBXBuildFile; fileRef = AED335342243F97700837358 /* NetStakURLHelperTests.swift */; };
		AED335382244093D00837358 /* NetStakURLRequestTests.swift in Sources */ = {isa = PBXBuildFile; fileRef = AED335372244093D00837358 /* NetStakURLRequestTests.swift */; };
		AED3354422441B3700837358 /* AppDelegate.swift in Sources */ = {isa = PBXBuildFile; fileRef = AED3354322441B3700837358 /* AppDelegate.swift */; };
		AED3354622441B3700837358 /* ViewController.swift in Sources */ = {isa = PBXBuildFile; fileRef = AED3354522441B3700837358 /* ViewController.swift */; };
		AED3354922441B3700837358 /* Main.storyboard in Resources */ = {isa = PBXBuildFile; fileRef = AED3354722441B3700837358 /* Main.storyboard */; };
		AED3354B22441B3900837358 /* Assets.xcassets in Resources */ = {isa = PBXBuildFile; fileRef = AED3354A22441B3900837358 /* Assets.xcassets */; };
		AED3354E22441B3900837358 /* LaunchScreen.storyboard in Resources */ = {isa = PBXBuildFile; fileRef = AED3354C22441B3900837358 /* LaunchScreen.storyboard */; };
/* End PBXBuildFile section */

/* Begin PBXContainerItemProxy section */
		AED3352F2243F87D00837358 /* PBXContainerItemProxy */ = {
			isa = PBXContainerItemProxy;
			containerPortal = AE260C702243CE82009E4346 /* Project object */;
			proxyType = 1;
			remoteGlobalIDString = AE260C782243CE82009E4346;
			remoteInfo = NetStak;
		};
/* End PBXContainerItemProxy section */

/* Begin PBXFileReference section */
		AE260C792243CE82009E4346 /* NetStak.framework */ = {isa = PBXFileReference; explicitFileType = wrapper.framework; includeInIndex = 0; path = NetStak.framework; sourceTree = BUILT_PRODUCTS_DIR; };
		AE260C7C2243CE82009E4346 /* NetStak.h */ = {isa = PBXFileReference; lastKnownFileType = sourcecode.c.h; path = NetStak.h; sourceTree = "<group>"; };
		AE260C7D2243CE82009E4346 /* Info.plist */ = {isa = PBXFileReference; lastKnownFileType = text.plist.xml; path = Info.plist; sourceTree = "<group>"; };
		AE260C842243CEAA009E4346 /* NetStakSession.swift */ = {isa = PBXFileReference; lastKnownFileType = sourcecode.swift; path = NetStakSession.swift; sourceTree = "<group>"; };
		AED3350F2243DBE300837358 /* NetStakRequestProtocol.swift */ = {isa = PBXFileReference; lastKnownFileType = sourcecode.swift; path = NetStakRequestProtocol.swift; sourceTree = "<group>"; };
		AED335112243DC3100837358 /* NetStakServiceConstants.swift */ = {isa = PBXFileReference; lastKnownFileType = sourcecode.swift; path = NetStakServiceConstants.swift; sourceTree = "<group>"; };
		AED335132243DCFC00837358 /* NetStakResponseProtocol.swift */ = {isa = PBXFileReference; lastKnownFileType = sourcecode.swift; path = NetStakResponseProtocol.swift; sourceTree = "<group>"; };
		AED335172243E1E500837358 /* NetStakServerConnection.swift */ = {isa = PBXFileReference; lastKnownFileType = sourcecode.swift; path = NetStakServerConnection.swift; sourceTree = "<group>"; };
		AED335192243E45200837358 /* NetStakMockJsonReader.swift */ = {isa = PBXFileReference; lastKnownFileType = sourcecode.swift; path = NetStakMockJsonReader.swift; sourceTree = "<group>"; };
		AED3351B2243E48C00837358 /* NetStakServiceError.swift */ = {isa = PBXFileReference; lastKnownFileType = sourcecode.swift; path = NetStakServiceError.swift; sourceTree = "<group>"; };
		AED3351D2243E71100837358 /* NetStakURLHelper.swift */ = {isa = PBXFileReference; lastKnownFileType = sourcecode.swift; path = NetStakURLHelper.swift; sourceTree = "<group>"; };
		AED3351F2243E7F700837358 /* NetStakURLRequest.swift */ = {isa = PBXFileReference; lastKnownFileType = sourcecode.swift; path = NetStakURLRequest.swift; sourceTree = "<group>"; };
		AED335292243F87D00837358 /* NetStakTests.xctest */ = {isa = PBXFileReference; explicitFileType = wrapper.cfbundle; includeInIndex = 0; path = NetStakTests.xctest; sourceTree = BUILT_PRODUCTS_DIR; };
		AED3352D2243F87D00837358 /* Info.plist */ = {isa = PBXFileReference; lastKnownFileType = text.plist.xml; path = Info.plist; sourceTree = "<group>"; };
		AED335342243F97700837358 /* NetStakURLHelperTests.swift */ = {isa = PBXFileReference; lastKnownFileType = sourcecode.swift; path = NetStakURLHelperTests.swift; sourceTree = "<group>"; };
		AED335372244093D00837358 /* NetStakURLRequestTests.swift */ = {isa = PBXFileReference; lastKnownFileType = sourcecode.swift; path = NetStakURLRequestTests.swift; sourceTree = "<group>"; };
		AED3354122441B3700837358 /* NetStakExample.app */ = {isa = PBXFileReference; explicitFileType = wrapper.application; includeInIndex = 0; path = NetStakExample.app; sourceTree = BUILT_PRODUCTS_DIR; };
		AED3354322441B3700837358 /* AppDelegate.swift */ = {isa = PBXFileReference; lastKnownFileType = sourcecode.swift; path = AppDelegate.swift; sourceTree = "<group>"; };
		AED3354522441B3700837358 /* ViewController.swift */ = {isa = PBXFileReference; lastKnownFileType = sourcecode.swift; path = ViewController.swift; sourceTree = "<group>"; };
		AED3354822441B3700837358 /* Base */ = {isa = PBXFileReference; lastKnownFileType = file.storyboard; name = Base; path = Base.lproj/Main.storyboard; sourceTree = "<group>"; };
		AED3354A22441B3900837358 /* Assets.xcassets */ = {isa = PBXFileReference; lastKnownFileType = folder.assetcatalog; path = Assets.xcassets; sourceTree = "<group>"; };
		AED3354D22441B3900837358 /* Base */ = {isa = PBXFileReference; lastKnownFileType = file.storyboard; name = Base; path = Base.lproj/LaunchScreen.storyboard; sourceTree = "<group>"; };
		AED3354F22441B3900837358 /* Info.plist */ = {isa = PBXFileReference; lastKnownFileType = text.plist.xml; path = Info.plist; sourceTree = "<group>"; };
/* End PBXFileReference section */

/* Begin PBXFrameworksBuildPhase section */
		AE260C762243CE82009E4346 /* Frameworks */ = {
			isa = PBXFrameworksBuildPhase;
			buildActionMask = 2147483647;
			files = (
			);
			runOnlyForDeploymentPostprocessing = 0;
		};
		AED335262243F87D00837358 /* Frameworks */ = {
			isa = PBXFrameworksBuildPhase;
			buildActionMask = 2147483647;
			files = (
				AED3352E2243F87D00837358 /* NetStak.framework in Frameworks */,
			);
			runOnlyForDeploymentPostprocessing = 0;
		};
		AED3353E22441B3700837358 /* Frameworks */ = {
			isa = PBXFrameworksBuildPhase;
			buildActionMask = 2147483647;
			files = (
			);
			runOnlyForDeploymentPostprocessing = 0;
		};
/* End PBXFrameworksBuildPhase section */

/* Begin PBXGroup section */
		AE260C6F2243CE82009E4346 = {
			isa = PBXGroup;
			children = (
				AE260C7B2243CE82009E4346 /* NetStak */,
				AED3352A2243F87D00837358 /* NetStakTests */,
				AED3354222441B3700837358 /* NetStakExample */,
				AE260C7A2243CE82009E4346 /* Products */,
			);
			sourceTree = "<group>";
		};
		AE260C7A2243CE82009E4346 /* Products */ = {
			isa = PBXGroup;
			children = (
				AE260C792243CE82009E4346 /* NetStak.framework */,
				AED335292243F87D00837358 /* NetStakTests.xctest */,
				AED3354122441B3700837358 /* NetStakExample.app */,
			);
			name = Products;
			sourceTree = "<group>";
		};
		AE260C7B2243CE82009E4346 /* NetStak */ = {
			isa = PBXGroup;
			children = (
				AE260C7C2243CE82009E4346 /* NetStak.h */,
				AE260C7D2243CE82009E4346 /* Info.plist */,
				AE260C842243CEAA009E4346 /* NetStakSession.swift */,
				AED335112243DC3100837358 /* NetStakServiceConstants.swift */,
				AED3351B2243E48C00837358 /* NetStakServiceError.swift */,
				AED3351D2243E71100837358 /* NetStakURLHelper.swift */,
				AED3351F2243E7F700837358 /* NetStakURLRequest.swift */,
				AED3350F2243DBE300837358 /* NetStakRequestProtocol.swift */,
				AED335132243DCFC00837358 /* NetStakResponseProtocol.swift */,
				AED335192243E45200837358 /* NetStakMockJsonReader.swift */,
				AED335172243E1E500837358 /* NetStakServerConnection.swift */,
			);
			path = NetStak;
			sourceTree = "<group>";
		};
		AED3352A2243F87D00837358 /* NetStakTests */ = {
			isa = PBXGroup;
			children = (
				AED335342243F97700837358 /* NetStakURLHelperTests.swift */,
				AED335372244093D00837358 /* NetStakURLRequestTests.swift */,
				AED3352D2243F87D00837358 /* Info.plist */,
			);
			path = NetStakTests;
			sourceTree = "<group>";
		};
		AED3354222441B3700837358 /* NetStakExample */ = {
			isa = PBXGroup;
			children = (
				AED3354322441B3700837358 /* AppDelegate.swift */,
				AED3354522441B3700837358 /* ViewController.swift */,
				AED3354722441B3700837358 /* Main.storyboard */,
				AED3354A22441B3900837358 /* Assets.xcassets */,
				AED3354C22441B3900837358 /* LaunchScreen.storyboard */,
				AED3354F22441B3900837358 /* Info.plist */,
			);
			path = NetStakExample;
			sourceTree = "<group>";
		};
/* End PBXGroup section */

/* Begin PBXHeadersBuildPhase section */
		AE260C742243CE82009E4346 /* Headers */ = {
			isa = PBXHeadersBuildPhase;
			buildActionMask = 2147483647;
			files = (
				AE260C7E2243CE82009E4346 /* NetStak.h in Headers */,
			);
			runOnlyForDeploymentPostprocessing = 0;
		};
/* End PBXHeadersBuildPhase section */

/* Begin PBXNativeTarget section */
		AE260C782243CE82009E4346 /* NetStak */ = {
			isa = PBXNativeTarget;
			buildConfigurationList = AE260C812243CE82009E4346 /* Build configuration list for PBXNativeTarget "NetStak" */;
			buildPhases = (
				AE260C742243CE82009E4346 /* Headers */,
				AE260C752243CE82009E4346 /* Sources */,
				AE260C762243CE82009E4346 /* Frameworks */,
				AE260C772243CE82009E4346 /* Resources */,
			);
			buildRules = (
			);
			dependencies = (
			);
			name = NetStak;
			productName = NetStak;
			productReference = AE260C792243CE82009E4346 /* NetStak.framework */;
			productType = "com.apple.product-type.framework";
		};
		AED335282243F87D00837358 /* NetStakTests */ = {
			isa = PBXNativeTarget;
			buildConfigurationList = AED335312243F87D00837358 /* Build configuration list for PBXNativeTarget "NetStakTests" */;
			buildPhases = (
				AED335252243F87D00837358 /* Sources */,
				AED335262243F87D00837358 /* Frameworks */,
				AED335272243F87D00837358 /* Resources */,
			);
			buildRules = (
			);
			dependencies = (
				AED335302243F87D00837358 /* PBXTargetDependency */,
			);
			name = NetStakTests;
			productName = NetStakTests;
			productReference = AED335292243F87D00837358 /* NetStakTests.xctest */;
			productType = "com.apple.product-type.bundle.unit-test";
		};
		AED3354022441B3700837358 /* NetStakExample */ = {
			isa = PBXNativeTarget;
			buildConfigurationList = AED3355022441B3900837358 /* Build configuration list for PBXNativeTarget "NetStakExample" */;
			buildPhases = (
				AED3353D22441B3700837358 /* Sources */,
				AED3353E22441B3700837358 /* Frameworks */,
				AED3353F22441B3700837358 /* Resources */,
			);
			buildRules = (
			);
			dependencies = (
			);
			name = NetStakExample;
			productName = NetStakExample;
			productReference = AED3354122441B3700837358 /* NetStakExample.app */;
			productType = "com.apple.product-type.application";
		};
/* End PBXNativeTarget section */

/* Begin PBXProject section */
		AE260C702243CE82009E4346 /* Project object */ = {
			isa = PBXProject;
			attributes = {
				LastSwiftUpdateCheck = 1010;
				LastUpgradeCheck = 1010;
				ORGANIZATIONNAME = KefBytes;
				TargetAttributes = {
					AE260C782243CE82009E4346 = {
						CreatedOnToolsVersion = 10.1;
						LastSwiftMigration = 1020;
					};
					AED335282243F87D00837358 = {
						CreatedOnToolsVersion = 10.1;
						LastSwiftMigration = 1020;
					};
					AED3354022441B3700837358 = {
						CreatedOnToolsVersion = 10.1;
					};
				};
			};
			buildConfigurationList = AE260C732243CE82009E4346 /* Build configuration list for PBXProject "NetStak" */;
			compatibilityVersion = "Xcode 9.3";
			developmentRegion = en;
			hasScannedForEncodings = 0;
			knownRegions = (
				en,
				Base,
			);
			mainGroup = AE260C6F2243CE82009E4346;
			productRefGroup = AE260C7A2243CE82009E4346 /* Products */;
			projectDirPath = "";
			projectRoot = "";
			targets = (
				AE260C782243CE82009E4346 /* NetStak */,
				AED335282243F87D00837358 /* NetStakTests */,
				AED3354022441B3700837358 /* NetStakExample */,
			);
		};
/* End PBXProject section */

/* Begin PBXResourcesBuildPhase section */
		AE260C772243CE82009E4346 /* Resources */ = {
			isa = PBXResourcesBuildPhase;
			buildActionMask = 2147483647;
			files = (
			);
			runOnlyForDeploymentPostprocessing = 0;
		};
		AED335272243F87D00837358 /* Resources */ = {
			isa = PBXResourcesBuildPhase;
			buildActionMask = 2147483647;
			files = (
			);
			runOnlyForDeploymentPostprocessing = 0;
		};
		AED3353F22441B3700837358 /* Resources */ = {
			isa = PBXResourcesBuildPhase;
			buildActionMask = 2147483647;
			files = (
				AED3354E22441B3900837358 /* LaunchScreen.storyboard in Resources */,
				AED3354B22441B3900837358 /* Assets.xcassets in Resources */,
				AED3354922441B3700837358 /* Main.storyboard in Resources */,
			);
			runOnlyForDeploymentPostprocessing = 0;
		};
/* End PBXResourcesBuildPhase section */

/* Begin PBXSourcesBuildPhase section */
		AE260C752243CE82009E4346 /* Sources */ = {
			isa = PBXSourcesBuildPhase;
			buildActionMask = 2147483647;
			files = (
				AED3351C2243E48C00837358 /* NetStakServiceError.swift in Sources */,
				AED335202243E7F700837358 /* NetStakURLRequest.swift in Sources */,
				AED335122243DC3100837358 /* NetStakServiceConstants.swift in Sources */,
				AED3351E2243E71100837358 /* NetStakURLHelper.swift in Sources */,
				AE260C852243CEAA009E4346 /* NetStakSession.swift in Sources */,
				AED335142243DCFC00837358 /* NetStakResponseProtocol.swift in Sources */,
				AED335182243E1E500837358 /* NetStakServerConnection.swift in Sources */,
				AED335102243DBE300837358 /* NetStakRequestProtocol.swift in Sources */,
				AED3351A2243E45200837358 /* NetStakMockJsonReader.swift in Sources */,
			);
			runOnlyForDeploymentPostprocessing = 0;
		};
		AED335252243F87D00837358 /* Sources */ = {
			isa = PBXSourcesBuildPhase;
			buildActionMask = 2147483647;
			files = (
				AED335382244093D00837358 /* NetStakURLRequestTests.swift in Sources */,
				AED335352243F97700837358 /* NetStakURLHelperTests.swift in Sources */,
			);
			runOnlyForDeploymentPostprocessing = 0;
		};
		AED3353D22441B3700837358 /* Sources */ = {
			isa = PBXSourcesBuildPhase;
			buildActionMask = 2147483647;
			files = (
				AED3354622441B3700837358 /* ViewController.swift in Sources */,
				AED3354422441B3700837358 /* AppDelegate.swift in Sources */,
			);
			runOnlyForDeploymentPostprocessing = 0;
		};
/* End PBXSourcesBuildPhase section */

/* Begin PBXTargetDependency section */
		AED335302243F87D00837358 /* PBXTargetDependency */ = {
			isa = PBXTargetDependency;
			target = AE260C782243CE82009E4346 /* NetStak */;
			targetProxy = AED3352F2243F87D00837358 /* PBXContainerItemProxy */;
		};
/* End PBXTargetDependency section */

/* Begin PBXVariantGroup section */
		AED3354722441B3700837358 /* Main.storyboard */ = {
			isa = PBXVariantGroup;
			children = (
				AED3354822441B3700837358 /* Base */,
			);
			name = Main.storyboard;
			sourceTree = "<group>";
		};
		AED3354C22441B3900837358 /* LaunchScreen.storyboard */ = {
			isa = PBXVariantGroup;
			children = (
				AED3354D22441B3900837358 /* Base */,
			);
			name = LaunchScreen.storyboard;
			sourceTree = "<group>";
		};
/* End PBXVariantGroup section */

/* Begin XCBuildConfiguration section */
		AE260C7F2243CE82009E4346 /* Debug */ = {
			isa = XCBuildConfiguration;
			buildSettings = {
				ALWAYS_SEARCH_USER_PATHS = NO;
				CLANG_ANALYZER_NONNULL = YES;
				CLANG_ANALYZER_NUMBER_OBJECT_CONVERSION = YES_AGGRESSIVE;
				CLANG_CXX_LANGUAGE_STANDARD = "gnu++14";
				CLANG_CXX_LIBRARY = "libc++";
				CLANG_ENABLE_MODULES = YES;
				CLANG_ENABLE_OBJC_ARC = YES;
				CLANG_ENABLE_OBJC_WEAK = YES;
				CLANG_WARN_BLOCK_CAPTURE_AUTORELEASING = YES;
				CLANG_WARN_BOOL_CONVERSION = YES;
				CLANG_WARN_COMMA = YES;
				CLANG_WARN_CONSTANT_CONVERSION = YES;
				CLANG_WARN_DEPRECATED_OBJC_IMPLEMENTATIONS = YES;
				CLANG_WARN_DIRECT_OBJC_ISA_USAGE = YES_ERROR;
				CLANG_WARN_DOCUMENTATION_COMMENTS = YES;
				CLANG_WARN_EMPTY_BODY = YES;
				CLANG_WARN_ENUM_CONVERSION = YES;
				CLANG_WARN_INFINITE_RECURSION = YES;
				CLANG_WARN_INT_CONVERSION = YES;
				CLANG_WARN_NON_LITERAL_NULL_CONVERSION = YES;
				CLANG_WARN_OBJC_IMPLICIT_RETAIN_SELF = YES;
				CLANG_WARN_OBJC_LITERAL_CONVERSION = YES;
				CLANG_WARN_OBJC_ROOT_CLASS = YES_ERROR;
				CLANG_WARN_RANGE_LOOP_ANALYSIS = YES;
				CLANG_WARN_STRICT_PROTOTYPES = YES;
				CLANG_WARN_SUSPICIOUS_MOVE = YES;
				CLANG_WARN_UNGUARDED_AVAILABILITY = YES_AGGRESSIVE;
				CLANG_WARN_UNREACHABLE_CODE = YES;
				CLANG_WARN__DUPLICATE_METHOD_MATCH = YES;
				CODE_SIGN_IDENTITY = "iPhone Developer";
				COPY_PHASE_STRIP = NO;
				CURRENT_PROJECT_VERSION = 1;
				DEBUG_INFORMATION_FORMAT = dwarf;
				ENABLE_STRICT_OBJC_MSGSEND = YES;
				ENABLE_TESTABILITY = YES;
				GCC_C_LANGUAGE_STANDARD = gnu11;
				GCC_DYNAMIC_NO_PIC = NO;
				GCC_NO_COMMON_BLOCKS = YES;
				GCC_OPTIMIZATION_LEVEL = 0;
				GCC_PREPROCESSOR_DEFINITIONS = (
					"DEBUG=1",
					"$(inherited)",
				);
				GCC_WARN_64_TO_32_BIT_CONVERSION = YES;
				GCC_WARN_ABOUT_RETURN_TYPE = YES_ERROR;
				GCC_WARN_UNDECLARED_SELECTOR = YES;
				GCC_WARN_UNINITIALIZED_AUTOS = YES_AGGRESSIVE;
				GCC_WARN_UNUSED_FUNCTION = YES;
				GCC_WARN_UNUSED_VARIABLE = YES;
				IPHONEOS_DEPLOYMENT_TARGET = 12.1;
				MTL_ENABLE_DEBUG_INFO = INCLUDE_SOURCE;
				MTL_FAST_MATH = YES;
				ONLY_ACTIVE_ARCH = YES;
				SDKROOT = iphoneos;
				SWIFT_ACTIVE_COMPILATION_CONDITIONS = DEBUG;
				SWIFT_OPTIMIZATION_LEVEL = "-Onone";
				VERSIONING_SYSTEM = "apple-generic";
				VERSION_INFO_PREFIX = "";
			};
			name = Debug;
		};
		AE260C802243CE82009E4346 /* Release */ = {
			isa = XCBuildConfiguration;
			buildSettings = {
				ALWAYS_SEARCH_USER_PATHS = NO;
				CLANG_ANALYZER_NONNULL = YES;
				CLANG_ANALYZER_NUMBER_OBJECT_CONVERSION = YES_AGGRESSIVE;
				CLANG_CXX_LANGUAGE_STANDARD = "gnu++14";
				CLANG_CXX_LIBRARY = "libc++";
				CLANG_ENABLE_MODULES = YES;
				CLANG_ENABLE_OBJC_ARC = YES;
				CLANG_ENABLE_OBJC_WEAK = YES;
				CLANG_WARN_BLOCK_CAPTURE_AUTORELEASING = YES;
				CLANG_WARN_BOOL_CONVERSION = YES;
				CLANG_WARN_COMMA = YES;
				CLANG_WARN_CONSTANT_CONVERSION = YES;
				CLANG_WARN_DEPRECATED_OBJC_IMPLEMENTATIONS = YES;
				CLANG_WARN_DIRECT_OBJC_ISA_USAGE = YES_ERROR;
				CLANG_WARN_DOCUMENTATION_COMMENTS = YES;
				CLANG_WARN_EMPTY_BODY = YES;
				CLANG_WARN_ENUM_CONVERSION = YES;
				CLANG_WARN_INFINITE_RECURSION = YES;
				CLANG_WARN_INT_CONVERSION = YES;
				CLANG_WARN_NON_LITERAL_NULL_CONVERSION = YES;
				CLANG_WARN_OBJC_IMPLICIT_RETAIN_SELF = YES;
				CLANG_WARN_OBJC_LITERAL_CONVERSION = YES;
				CLANG_WARN_OBJC_ROOT_CLASS = YES_ERROR;
				CLANG_WARN_RANGE_LOOP_ANALYSIS = YES;
				CLANG_WARN_STRICT_PROTOTYPES = YES;
				CLANG_WARN_SUSPICIOUS_MOVE = YES;
				CLANG_WARN_UNGUARDED_AVAILABILITY = YES_AGGRESSIVE;
				CLANG_WARN_UNREACHABLE_CODE = YES;
				CLANG_WARN__DUPLICATE_METHOD_MATCH = YES;
				CODE_SIGN_IDENTITY = "iPhone Developer";
				COPY_PHASE_STRIP = NO;
				CURRENT_PROJECT_VERSION = 1;
				DEBUG_INFORMATION_FORMAT = "dwarf-with-dsym";
				ENABLE_NS_ASSERTIONS = NO;
				ENABLE_STRICT_OBJC_MSGSEND = YES;
				GCC_C_LANGUAGE_STANDARD = gnu11;
				GCC_NO_COMMON_BLOCKS = YES;
				GCC_WARN_64_TO_32_BIT_CONVERSION = YES;
				GCC_WARN_ABOUT_RETURN_TYPE = YES_ERROR;
				GCC_WARN_UNDECLARED_SELECTOR = YES;
				GCC_WARN_UNINITIALIZED_AUTOS = YES_AGGRESSIVE;
				GCC_WARN_UNUSED_FUNCTION = YES;
				GCC_WARN_UNUSED_VARIABLE = YES;
				IPHONEOS_DEPLOYMENT_TARGET = 12.1;
				MTL_ENABLE_DEBUG_INFO = NO;
				MTL_FAST_MATH = YES;
				SDKROOT = iphoneos;
				SWIFT_COMPILATION_MODE = wholemodule;
				SWIFT_OPTIMIZATION_LEVEL = "-O";
				VALIDATE_PRODUCT = YES;
				VERSIONING_SYSTEM = "apple-generic";
				VERSION_INFO_PREFIX = "";
			};
			name = Release;
		};
		AE260C822243CE82009E4346 /* Debug */ = {
			isa = XCBuildConfiguration;
			buildSettings = {
				CLANG_ENABLE_MODULES = YES;
				CODE_SIGN_IDENTITY = "";
				CODE_SIGN_STYLE = Automatic;
				DEFINES_MODULE = YES;
				DEVELOPMENT_TEAM = 6WUZ2D4QXV;
				DYLIB_COMPATIBILITY_VERSION = 1;
				DYLIB_CURRENT_VERSION = 1;
				DYLIB_INSTALL_NAME_BASE = "@rpath";
				INFOPLIST_FILE = NetStak/Info.plist;
				INSTALL_PATH = "$(LOCAL_LIBRARY_DIR)/Frameworks";
				IPHONEOS_DEPLOYMENT_TARGET = 10.0;
				LD_RUNPATH_SEARCH_PATHS = (
					"$(inherited)",
					"@executable_path/Frameworks",
					"@loader_path/Frameworks",
				);
				PRODUCT_BUNDLE_IDENTIFIER = "KefBytes-LLC.NetStak";
				PRODUCT_NAME = "$(TARGET_NAME:c99extidentifier)";
				SKIP_INSTALL = YES;
				SWIFT_OPTIMIZATION_LEVEL = "-Onone";
				SWIFT_VERSION = 5.0;
				TARGETED_DEVICE_FAMILY = "1,2";
			};
			name = Debug;
		};
		AE260C832243CE82009E4346 /* Release */ = {
			isa = XCBuildConfiguration;
			buildSettings = {
				CLANG_ENABLE_MODULES = YES;
				CODE_SIGN_IDENTITY = "";
				CODE_SIGN_STYLE = Automatic;
				DEFINES_MODULE = YES;
				DEVELOPMENT_TEAM = 6WUZ2D4QXV;
				DYLIB_COMPATIBILITY_VERSION = 1;
				DYLIB_CURRENT_VERSION = 1;
				DYLIB_INSTALL_NAME_BASE = "@rpath";
				INFOPLIST_FILE = NetStak/Info.plist;
				INSTALL_PATH = "$(LOCAL_LIBRARY_DIR)/Frameworks";
				IPHONEOS_DEPLOYMENT_TARGET = 10.0;
				LD_RUNPATH_SEARCH_PATHS = (
					"$(inherited)",
					"@executable_path/Frameworks",
					"@loader_path/Frameworks",
				);
				PRODUCT_BUNDLE_IDENTIFIER = "KefBytes-LLC.NetStak";
				PRODUCT_NAME = "$(TARGET_NAME:c99extidentifier)";
				SKIP_INSTALL = YES;
				SWIFT_VERSION = 5.0;
				TARGETED_DEVICE_FAMILY = "1,2";
			};
			name = Release;
		};
		AE5CA829225D2F1700AF00F1 /* Mock */ = {
			isa = XCBuildConfiguration;
			buildSettings = {
				ALWAYS_SEARCH_USER_PATHS = NO;
				CLANG_ANALYZER_NONNULL = YES;
				CLANG_ANALYZER_NUMBER_OBJECT_CONVERSION = YES_AGGRESSIVE;
				CLANG_CXX_LANGUAGE_STANDARD = "gnu++14";
				CLANG_CXX_LIBRARY = "libc++";
				CLANG_ENABLE_MODULES = YES;
				CLANG_ENABLE_OBJC_ARC = YES;
				CLANG_ENABLE_OBJC_WEAK = YES;
				CLANG_WARN_BLOCK_CAPTURE_AUTORELEASING = YES;
				CLANG_WARN_BOOL_CONVERSION = YES;
				CLANG_WARN_COMMA = YES;
				CLANG_WARN_CONSTANT_CONVERSION = YES;
				CLANG_WARN_DEPRECATED_OBJC_IMPLEMENTATIONS = YES;
				CLANG_WARN_DIRECT_OBJC_ISA_USAGE = YES_ERROR;
				CLANG_WARN_DOCUMENTATION_COMMENTS = YES;
				CLANG_WARN_EMPTY_BODY = YES;
				CLANG_WARN_ENUM_CONVERSION = YES;
				CLANG_WARN_INFINITE_RECURSION = YES;
				CLANG_WARN_INT_CONVERSION = YES;
				CLANG_WARN_NON_LITERAL_NULL_CONVERSION = YES;
				CLANG_WARN_OBJC_IMPLICIT_RETAIN_SELF = YES;
				CLANG_WARN_OBJC_LITERAL_CONVERSION = YES;
				CLANG_WARN_OBJC_ROOT_CLASS = YES_ERROR;
				CLANG_WARN_RANGE_LOOP_ANALYSIS = YES;
				CLANG_WARN_STRICT_PROTOTYPES = YES;
				CLANG_WARN_SUSPICIOUS_MOVE = YES;
				CLANG_WARN_UNGUARDED_AVAILABILITY = YES_AGGRESSIVE;
				CLANG_WARN_UNREACHABLE_CODE = YES;
				CLANG_WARN__DUPLICATE_METHOD_MATCH = YES;
				CODE_SIGN_IDENTITY = "iPhone Developer";
				COPY_PHASE_STRIP = NO;
				CURRENT_PROJECT_VERSION = 1;
				DEBUG_INFORMATION_FORMAT = dwarf;
				ENABLE_STRICT_OBJC_MSGSEND = YES;
				ENABLE_TESTABILITY = YES;
				GCC_C_LANGUAGE_STANDARD = gnu11;
				GCC_DYNAMIC_NO_PIC = NO;
				GCC_NO_COMMON_BLOCKS = YES;
				GCC_OPTIMIZATION_LEVEL = 0;
				GCC_PREPROCESSOR_DEFINITIONS = (
					"DEBUG=1",
					"$(inherited)",
				);
				GCC_WARN_64_TO_32_BIT_CONVERSION = YES;
				GCC_WARN_ABOUT_RETURN_TYPE = YES_ERROR;
				GCC_WARN_UNDECLARED_SELECTOR = YES;
				GCC_WARN_UNINITIALIZED_AUTOS = YES_AGGRESSIVE;
				GCC_WARN_UNUSED_FUNCTION = YES;
				GCC_WARN_UNUSED_VARIABLE = YES;
				IPHONEOS_DEPLOYMENT_TARGET = 12.1;
				MTL_ENABLE_DEBUG_INFO = INCLUDE_SOURCE;
				MTL_FAST_MATH = YES;
				ONLY_ACTIVE_ARCH = YES;
				SDKROOT = iphoneos;
				SWIFT_ACTIVE_COMPILATION_CONDITIONS = DEBUG;
				SWIFT_OPTIMIZATION_LEVEL = "-Onone";
				VERSIONING_SYSTEM = "apple-generic";
				VERSION_INFO_PREFIX = "";
			};
			name = Mock;
		};
		AE5CA82A225D2F1700AF00F1 /* Mock */ = {
			isa = XCBuildConfiguration;
			buildSettings = {
				CLANG_ENABLE_MODULES = YES;
				CODE_SIGN_IDENTITY = "";
				CODE_SIGN_STYLE = Automatic;
				DEFINES_MODULE = YES;
				DEVELOPMENT_TEAM = 6WUZ2D4QXV;
				DYLIB_COMPATIBILITY_VERSION = 1;
				DYLIB_CURRENT_VERSION = 1;
				DYLIB_INSTALL_NAME_BASE = "@rpath";
				INFOPLIST_FILE = NetStak/Info.plist;
				INSTALL_PATH = "$(LOCAL_LIBRARY_DIR)/Frameworks";
				IPHONEOS_DEPLOYMENT_TARGET = 10.0;
				LD_RUNPATH_SEARCH_PATHS = (
					"$(inherited)",
					"@executable_path/Frameworks",
					"@loader_path/Frameworks",
				);
				PRODUCT_BUNDLE_IDENTIFIER = "KefBytes-LLC.NetStak";
				PRODUCT_NAME = "$(TARGET_NAME:c99extidentifier)";
				SKIP_INSTALL = YES;
				SWIFT_OPTIMIZATION_LEVEL = "-Onone";
				SWIFT_VERSION = 5.0;
				TARGETED_DEVICE_FAMILY = "1,2";
			};
			name = Mock;
		};
		AE5CA82B225D2F1700AF00F1 /* Mock */ = {
			isa = XCBuildConfiguration;
			buildSettings = {
				CODE_SIGN_STYLE = Automatic;
				DEVELOPMENT_TEAM = 6WUZ2D4QXV;
				INFOPLIST_FILE = NetStakTests/Info.plist;
				LD_RUNPATH_SEARCH_PATHS = (
					"$(inherited)",
					"@executable_path/Frameworks",
					"@loader_path/Frameworks",
				);
				PRODUCT_BUNDLE_IDENTIFIER = "KefBytes-LLC.NetStakTests";
				PRODUCT_NAME = "$(TARGET_NAME)";
				SWIFT_VERSION = 5.0;
				TARGETED_DEVICE_FAMILY = "1,2";
			};
			name = Mock;
		};
		AE5CA82C225D2F1700AF00F1 /* Mock */ = {
			isa = XCBuildConfiguration;
			buildSettings = {
				ASSETCATALOG_COMPILER_APPICON_NAME = AppIcon;
				CODE_SIGN_STYLE = Automatic;
				DEVELOPMENT_TEAM = 6WUZ2D4QXV;
				INFOPLIST_FILE = NetStakExample/Info.plist;
				IPHONEOS_DEPLOYMENT_TARGET = 10.0;
				LD_RUNPATH_SEARCH_PATHS = (
					"$(inherited)",
					"@executable_path/Frameworks",
				);
				PRODUCT_BUNDLE_IDENTIFIER = "KefBytes-LLC.NetStakExample";
				PRODUCT_NAME = "$(TARGET_NAME)";
				SWIFT_VERSION = 4.2;
				TARGETED_DEVICE_FAMILY = "1,2";
			};
			name = Mock;
		};
		AEAB18D1225FB1C900C9A772 /* QA */ = {
			isa = XCBuildConfiguration;
			buildSettings = {
				ALWAYS_SEARCH_USER_PATHS = NO;
				CLANG_ANALYZER_NONNULL = YES;
				CLANG_ANALYZER_NUMBER_OBJECT_CONVERSION = YES_AGGRESSIVE;
				CLANG_CXX_LANGUAGE_STANDARD = "gnu++14";
				CLANG_CXX_LIBRARY = "libc++";
				CLANG_ENABLE_MODULES = YES;
				CLANG_ENABLE_OBJC_ARC = YES;
				CLANG_ENABLE_OBJC_WEAK = YES;
				CLANG_WARN_BLOCK_CAPTURE_AUTORELEASING = YES;
				CLANG_WARN_BOOL_CONVERSION = YES;
				CLANG_WARN_COMMA = YES;
				CLANG_WARN_CONSTANT_CONVERSION = YES;
				CLANG_WARN_DEPRECATED_OBJC_IMPLEMENTATIONS = YES;
				CLANG_WARN_DIRECT_OBJC_ISA_USAGE = YES_ERROR;
				CLANG_WARN_DOCUMENTATION_COMMENTS = YES;
				CLANG_WARN_EMPTY_BODY = YES;
				CLANG_WARN_ENUM_CONVERSION = YES;
				CLANG_WARN_INFINITE_RECURSION = YES;
				CLANG_WARN_INT_CONVERSION = YES;
				CLANG_WARN_NON_LITERAL_NULL_CONVERSION = YES;
				CLANG_WARN_OBJC_IMPLICIT_RETAIN_SELF = YES;
				CLANG_WARN_OBJC_LITERAL_CONVERSION = YES;
				CLANG_WARN_OBJC_ROOT_CLASS = YES_ERROR;
				CLANG_WARN_RANGE_LOOP_ANALYSIS = YES;
				CLANG_WARN_STRICT_PROTOTYPES = YES;
				CLANG_WARN_SUSPICIOUS_MOVE = YES;
				CLANG_WARN_UNGUARDED_AVAILABILITY = YES_AGGRESSIVE;
				CLANG_WARN_UNREACHABLE_CODE = YES;
				CLANG_WARN__DUPLICATE_METHOD_MATCH = YES;
				CODE_SIGN_IDENTITY = "iPhone Developer";
				COPY_PHASE_STRIP = NO;
				CURRENT_PROJECT_VERSION = 1;
				DEBUG_INFORMATION_FORMAT = dwarf;
				ENABLE_STRICT_OBJC_MSGSEND = YES;
				ENABLE_TESTABILITY = YES;
				GCC_C_LANGUAGE_STANDARD = gnu11;
				GCC_DYNAMIC_NO_PIC = NO;
				GCC_NO_COMMON_BLOCKS = YES;
				GCC_OPTIMIZATION_LEVEL = 0;
				GCC_PREPROCESSOR_DEFINITIONS = (
					"DEBUG=1",
					"$(inherited)",
				);
				GCC_WARN_64_TO_32_BIT_CONVERSION = YES;
				GCC_WARN_ABOUT_RETURN_TYPE = YES_ERROR;
				GCC_WARN_UNDECLARED_SELECTOR = YES;
				GCC_WARN_UNINITIALIZED_AUTOS = YES_AGGRESSIVE;
				GCC_WARN_UNUSED_FUNCTION = YES;
				GCC_WARN_UNUSED_VARIABLE = YES;
				IPHONEOS_DEPLOYMENT_TARGET = 12.1;
				MTL_ENABLE_DEBUG_INFO = INCLUDE_SOURCE;
				MTL_FAST_MATH = YES;
				ONLY_ACTIVE_ARCH = YES;
				SDKROOT = iphoneos;
				SWIFT_ACTIVE_COMPILATION_CONDITIONS = DEBUG;
				SWIFT_OPTIMIZATION_LEVEL = "-Onone";
				VERSIONING_SYSTEM = "apple-generic";
				VERSION_INFO_PREFIX = "";
			};
			name = QA;
		};
		AEAB18D2225FB1C900C9A772 /* QA */ = {
			isa = XCBuildConfiguration;
			buildSettings = {
				CLANG_ENABLE_MODULES = YES;
				CODE_SIGN_IDENTITY = "";
				CODE_SIGN_STYLE = Automatic;
				DEFINES_MODULE = YES;
				DEVELOPMENT_TEAM = 6WUZ2D4QXV;
				DYLIB_COMPATIBILITY_VERSION = 1;
				DYLIB_CURRENT_VERSION = 1;
				DYLIB_INSTALL_NAME_BASE = "@rpath";
				INFOPLIST_FILE = NetStak/Info.plist;
				INSTALL_PATH = "$(LOCAL_LIBRARY_DIR)/Frameworks";
				IPHONEOS_DEPLOYMENT_TARGET = 10.0;
				LD_RUNPATH_SEARCH_PATHS = (
					"$(inherited)",
					"@executable_path/Frameworks",
					"@loader_path/Frameworks",
				);
				PRODUCT_BUNDLE_IDENTIFIER = "KefBytes-LLC.NetStak";
				PRODUCT_NAME = "$(TARGET_NAME:c99extidentifier)";
				SKIP_INSTALL = YES;
				SWIFT_OPTIMIZATION_LEVEL = "-Onone";
				SWIFT_VERSION = 5.0;
				TARGETED_DEVICE_FAMILY = "1,2";
			};
			name = QA;
		};
		AEAB18D3225FB1C900C9A772 /* QA */ = {
			isa = XCBuildConfiguration;
			buildSettings = {
				CODE_SIGN_STYLE = Automatic;
				DEVELOPMENT_TEAM = 6WUZ2D4QXV;
				INFOPLIST_FILE = NetStakTests/Info.plist;
				LD_RUNPATH_SEARCH_PATHS = (
					"$(inherited)",
					"@executable_path/Frameworks",
					"@loader_path/Frameworks",
				);
				PRODUCT_BUNDLE_IDENTIFIER = "KefBytes-LLC.NetStakTests";
				PRODUCT_NAME = "$(TARGET_NAME)";
				SWIFT_VERSION = 5.0;
				TARGETED_DEVICE_FAMILY = "1,2";
			};
			name = QA;
		};
		AEAB18D4225FB1C900C9A772 /* QA */ = {
			isa = XCBuildConfiguration;
			buildSettings = {
				ASSETCATALOG_COMPILER_APPICON_NAME = AppIcon;
				CODE_SIGN_STYLE = Automatic;
				DEVELOPMENT_TEAM = 6WUZ2D4QXV;
				INFOPLIST_FILE = NetStakExample/Info.plist;
				IPHONEOS_DEPLOYMENT_TARGET = 10.0;
				LD_RUNPATH_SEARCH_PATHS = (
					"$(inherited)",
					"@executable_path/Frameworks",
				);
				PRODUCT_BUNDLE_IDENTIFIER = "KefBytes-LLC.NetStakExample";
				PRODUCT_NAME = "$(TARGET_NAME)";
				SWIFT_VERSION = 4.2;
				TARGETED_DEVICE_FAMILY = "1,2";
			};
			name = QA;
		};
		AED335322243F87D00837358 /* Debug */ = {
			isa = XCBuildConfiguration;
			buildSettings = {
				CODE_SIGN_STYLE = Automatic;
				DEVELOPMENT_TEAM = 6WUZ2D4QXV;
				INFOPLIST_FILE = NetStakTests/Info.plist;
				LD_RUNPATH_SEARCH_PATHS = (
					"$(inherited)",
					"@executable_path/Frameworks",
					"@loader_path/Frameworks",
				);
				PRODUCT_BUNDLE_IDENTIFIER = "KefBytes-LLC.NetStakTests";
				PRODUCT_NAME = "$(TARGET_NAME)";
				SWIFT_VERSION = 5.0;
				TARGETED_DEVICE_FAMILY = "1,2";
			};
			name = Debug;
		};
		AED335332243F87D00837358 /* Release */ = {
			isa = XCBuildConfiguration;
			buildSettings = {
				CODE_SIGN_STYLE = Automatic;
				DEVELOPMENT_TEAM = 6WUZ2D4QXV;
				INFOPLIST_FILE = NetStakTests/Info.plist;
				LD_RUNPATH_SEARCH_PATHS = (
					"$(inherited)",
					"@executable_path/Frameworks",
					"@loader_path/Frameworks",
				);
				PRODUCT_BUNDLE_IDENTIFIER = "KefBytes-LLC.NetStakTests";
				PRODUCT_NAME = "$(TARGET_NAME)";
				SWIFT_VERSION = 5.0;
				TARGETED_DEVICE_FAMILY = "1,2";
			};
			name = Release;
		};
		AED3355122441B3900837358 /* Debug */ = {
			isa = XCBuildConfiguration;
			buildSettings = {
				ASSETCATALOG_COMPILER_APPICON_NAME = AppIcon;
				CODE_SIGN_STYLE = Automatic;
				DEVELOPMENT_TEAM = 6WUZ2D4QXV;
				INFOPLIST_FILE = NetStakExample/Info.plist;
				IPHONEOS_DEPLOYMENT_TARGET = 10.0;
				LD_RUNPATH_SEARCH_PATHS = (
					"$(inherited)",
					"@executable_path/Frameworks",
				);
				PRODUCT_BUNDLE_IDENTIFIER = "KefBytes-LLC.NetStakExample";
				PRODUCT_NAME = "$(TARGET_NAME)";
				SWIFT_VERSION = 4.2;
				TARGETED_DEVICE_FAMILY = "1,2";
			};
			name = Debug;
		};
		AED3355222441B3900837358 /* Release */ = {
			isa = XCBuildConfiguration;
			buildSettings = {
				ASSETCATALOG_COMPILER_APPICON_NAME = AppIcon;
				CODE_SIGN_STYLE = Automatic;
				DEVELOPMENT_TEAM = 6WUZ2D4QXV;
				INFOPLIST_FILE = NetStakExample/Info.plist;
				IPHONEOS_DEPLOYMENT_TARGET = 10.0;
				LD_RUNPATH_SEARCH_PATHS = (
					"$(inherited)",
					"@executable_path/Frameworks",
				);
				PRODUCT_BUNDLE_IDENTIFIER = "KefBytes-LLC.NetStakExample";
				PRODUCT_NAME = "$(TARGET_NAME)";
				SWIFT_VERSION = 4.2;
				TARGETED_DEVICE_FAMILY = "1,2";
			};
			name = Release;
		};
/* End XCBuildConfiguration section */

/* Begin XCConfigurationList section */
		AE260C732243CE82009E4346 /* Build configuration list for PBXProject "NetStak" */ = {
			isa = XCConfigurationList;
			buildConfigurations = (
				AE260C7F2243CE82009E4346 /* Debug */,
				AEAB18D1225FB1C900C9A772 /* QA */,
				AE5CA829225D2F1700AF00F1 /* Mock */,
				AE260C802243CE82009E4346 /* Release */,
			);
			defaultConfigurationIsVisible = 0;
			defaultConfigurationName = Release;
		};
		AE260C812243CE82009E4346 /* Build configuration list for PBXNativeTarget "NetStak" */ = {
			isa = XCConfigurationList;
			buildConfigurations = (
				AE260C822243CE82009E4346 /* Debug */,
				AEAB18D2225FB1C900C9A772 /* QA */,
				AE5CA82A225D2F1700AF00F1 /* Mock */,
				AE260C832243CE82009E4346 /* Release */,
			);
			defaultConfigurationIsVisible = 0;
			defaultConfigurationName = Release;
		};
		AED335312243F87D00837358 /* Build configuration list for PBXNativeTarget "NetStakTests" */ = {
			isa = XCConfigurationList;
			buildConfigurations = (
				AED335322243F87D00837358 /* Debug */,
				AEAB18D3225FB1C900C9A772 /* QA */,
				AE5CA82B225D2F1700AF00F1 /* Mock */,
				AED335332243F87D00837358 /* Release */,
			);
			defaultConfigurationIsVisible = 0;
			defaultConfigurationName = Release;
		};
		AED3355022441B3900837358 /* Build configuration list for PBXNativeTarget "NetStakExample" */ = {
			isa = XCConfigurationList;
			buildConfigurations = (
				AED3355122441B3900837358 /* Debug */,
				AEAB18D4225FB1C900C9A772 /* QA */,
				AE5CA82C225D2F1700AF00F1 /* Mock */,
				AED3355222441B3900837358 /* Release */,
			);
			defaultConfigurationIsVisible = 0;
			defaultConfigurationName = Release;
		};
/* End XCConfigurationList section */
	};
	rootObject = AE260C702243CE82009E4346 /* Project object */;
}
