// !$*UTF8*$!
{
	archiveVersion = 1;
	classes = {
	};
	objectVersion = 50;
	objects = {

/* Begin PBXBuildFile section */
		AE260C7E2243CE82009E4346 /* NetStak.h in Headers */ = {isa = PBXBuildFile; fileRef = AE260C7C2243CE82009E4346 /* NetStak.h */; settings = {ATTRIBUTES = (Public, ); }; };
		AE260C852243CEAA009E4346 /* NetStakSession.swift in Sources */ = {isa = PBXBuildFile; fileRef = AE260C842243CEAA009E4346 /* NetStakSession.swift */; };
		AED335102243DBE300837358 /* RequestProtocol.swift in Sources */ = {isa = PBXBuildFile; fileRef = AED3350F2243DBE300837358 /* RequestProtocol.swift */; };
		AED335122243DC3100837358 /* NetStakServiceConstants.swift in Sources */ = {isa = PBXBuildFile; fileRef = AED335112243DC3100837358 /* NetStakServiceConstants.swift */; };
		AED335142243DCFC00837358 /* ResponseProtocol.swift in Sources */ = {isa = PBXBuildFile; fileRef = AED335132243DCFC00837358 /* ResponseProtocol.swift */; };
		AED335162243DE3200837358 /* ServerConfig.swift in Sources */ = {isa = PBXBuildFile; fileRef = AED335152243DE3200837358 /* ServerConfig.swift */; };
		AED335182243E1E500837358 /* ServerConnection.swift in Sources */ = {isa = PBXBuildFile; fileRef = AED335172243E1E500837358 /* ServerConnection.swift */; };
		AED3351A2243E45200837358 /* MockJsonReader.swift in Sources */ = {isa = PBXBuildFile; fileRef = AED335192243E45200837358 /* MockJsonReader.swift */; };
		AED3351C2243E48C00837358 /* ServiceError.swift in Sources */ = {isa = PBXBuildFile; fileRef = AED3351B2243E48C00837358 /* ServiceError.swift */; };
		AED3351E2243E71100837358 /* URLHelper.swift in Sources */ = {isa = PBXBuildFile; fileRef = AED3351D2243E71100837358 /* URLHelper.swift */; };
		AED335202243E7F700837358 /* URLRequestBuilder.swift in Sources */ = {isa = PBXBuildFile; fileRef = AED3351F2243E7F700837358 /* URLRequestBuilder.swift */; };
/* End PBXBuildFile section */

/* Begin PBXFileReference section */
		AE260C792243CE82009E4346 /* NetStak.framework */ = {isa = PBXFileReference; explicitFileType = wrapper.framework; includeInIndex = 0; path = NetStak.framework; sourceTree = BUILT_PRODUCTS_DIR; };
		AE260C7C2243CE82009E4346 /* NetStak.h */ = {isa = PBXFileReference; lastKnownFileType = sourcecode.c.h; path = NetStak.h; sourceTree = "<group>"; };
		AE260C7D2243CE82009E4346 /* Info.plist */ = {isa = PBXFileReference; lastKnownFileType = text.plist.xml; path = Info.plist; sourceTree = "<group>"; };
		AE260C842243CEAA009E4346 /* NetStakSession.swift */ = {isa = PBXFileReference; lastKnownFileType = sourcecode.swift; path = NetStakSession.swift; sourceTree = "<group>"; };
		AED3350F2243DBE300837358 /* RequestProtocol.swift */ = {isa = PBXFileReference; lastKnownFileType = sourcecode.swift; path = RequestProtocol.swift; sourceTree = "<group>"; };
		AED335112243DC3100837358 /* NetStakServiceConstants.swift */ = {isa = PBXFileReference; lastKnownFileType = sourcecode.swift; path = NetStakServiceConstants.swift; sourceTree = "<group>"; };
		AED335132243DCFC00837358 /* ResponseProtocol.swift */ = {isa = PBXFileReference; lastKnownFileType = sourcecode.swift; path = ResponseProtocol.swift; sourceTree = "<group>"; };
		AED335152243DE3200837358 /* ServerConfig.swift */ = {isa = PBXFileReference; lastKnownFileType = sourcecode.swift; path = ServerConfig.swift; sourceTree = "<group>"; };
		AED335172243E1E500837358 /* ServerConnection.swift */ = {isa = PBXFileReference; lastKnownFileType = sourcecode.swift; path = ServerConnection.swift; sourceTree = "<group>"; };
		AED335192243E45200837358 /* MockJsonReader.swift */ = {isa = PBXFileReference; lastKnownFileType = sourcecode.swift; path = MockJsonReader.swift; sourceTree = "<group>"; };
		AED3351B2243E48C00837358 /* ServiceError.swift */ = {isa = PBXFileReference; lastKnownFileType = sourcecode.swift; path = ServiceError.swift; sourceTree = "<group>"; };
		AED3351D2243E71100837358 /* URLHelper.swift */ = {isa = PBXFileReference; lastKnownFileType = sourcecode.swift; path = URLHelper.swift; sourceTree = "<group>"; };
		AED3351F2243E7F700837358 /* URLRequestBuilder.swift */ = {isa = PBXFileReference; lastKnownFileType = sourcecode.swift; path = URLRequestBuilder.swift; sourceTree = "<group>"; };
/* End PBXFileReference section */

/* Begin PBXFrameworksBuildPhase section */
		AE260C762243CE82009E4346 /* Frameworks */ = {
			isa = PBXFrameworksBuildPhase;
			buildActionMask = 2147483647;
			files = (
			);
			runOnlyForDeploymentPostprocessing = 0;
		};
/* End PBXFrameworksBuildPhase section */

/* Begin PBXGroup section */
		AE260C6F2243CE82009E4346 = {
			isa = PBXGroup;
			children = (
				AE260C7B2243CE82009E4346 /* NetStak */,
				AE260C7A2243CE82009E4346 /* Products */,
			);
			sourceTree = "<group>";
		};
		AE260C7A2243CE82009E4346 /* Products */ = {
			isa = PBXGroup;
			children = (
				AE260C792243CE82009E4346 /* NetStak.framework */,
			);
			name = Products;
			sourceTree = "<group>";
		};
		AE260C7B2243CE82009E4346 /* NetStak */ = {
			isa = PBXGroup;
			children = (
				AE260C7C2243CE82009E4346 /* NetStak.h */,
				AE260C7D2243CE82009E4346 /* Info.plist */,
				AE260C842243CEAA009E4346 /* NetStakSession.swift */,
				AED3350F2243DBE300837358 /* RequestProtocol.swift */,
				AED335112243DC3100837358 /* NetStakServiceConstants.swift */,
				AED335132243DCFC00837358 /* ResponseProtocol.swift */,
				AED335152243DE3200837358 /* ServerConfig.swift */,
				AED335172243E1E500837358 /* ServerConnection.swift */,
				AED335192243E45200837358 /* MockJsonReader.swift */,
				AED3351B2243E48C00837358 /* ServiceError.swift */,
				AED3351D2243E71100837358 /* URLHelper.swift */,
				AED3351F2243E7F700837358 /* URLRequestBuilder.swift */,
			);
			path = NetStak;
			sourceTree = "<group>";
		};
/* End PBXGroup section */

/* Begin PBXHeadersBuildPhase section */
		AE260C742243CE82009E4346 /* Headers */ = {
			isa = PBXHeadersBuildPhase;
			buildActionMask = 2147483647;
			files = (
				AE260C7E2243CE82009E4346 /* NetStak.h in Headers */,
			);
			runOnlyForDeploymentPostprocessing = 0;
		};
/* End PBXHeadersBuildPhase section */

/* Begin PBXNativeTarget section */
		AE260C782243CE82009E4346 /* NetStak */ = {
			isa = PBXNativeTarget;
			buildConfigurationList = AE260C812243CE82009E4346 /* Build configuration list for PBXNativeTarget "NetStak" */;
			buildPhases = (
				AE260C742243CE82009E4346 /* Headers */,
				AE260C752243CE82009E4346 /* Sources */,
				AE260C762243CE82009E4346 /* Frameworks */,
				AE260C772243CE82009E4346 /* Resources */,
			);
			buildRules = (
			);
			dependencies = (
			);
			name = NetStak;
			productName = NetStak;
			productReference = AE260C792243CE82009E4346 /* NetStak.framework */;
			productType = "com.apple.product-type.framework";
		};
/* End PBXNativeTarget section */

/* Begin PBXProject section */
		AE260C702243CE82009E4346 /* Project object */ = {
			isa = PBXProject;
			attributes = {
				LastUpgradeCheck = 1010;
				ORGANIZATIONNAME = KefBytes;
				TargetAttributes = {
					AE260C782243CE82009E4346 = {
						CreatedOnToolsVersion = 10.1;
						LastSwiftMigration = 1010;
					};
				};
			};
			buildConfigurationList = AE260C732243CE82009E4346 /* Build configuration list for PBXProject "NetStak" */;
			compatibilityVersion = "Xcode 9.3";
			developmentRegion = en;
			hasScannedForEncodings = 0;
			knownRegions = (
				en,
			);
			mainGroup = AE260C6F2243CE82009E4346;
			productRefGroup = AE260C7A2243CE82009E4346 /* Products */;
			projectDirPath = "";
			projectRoot = "";
			targets = (
				AE260C782243CE82009E4346 /* NetStak */,
			);
		};
/* End PBXProject section */

/* Begin PBXResourcesBuildPhase section */
		AE260C772243CE82009E4346 /* Resources */ = {
			isa = PBXResourcesBuildPhase;
			buildActionMask = 2147483647;
			files = (
			);
			runOnlyForDeploymentPostprocessing = 0;
		};
/* End PBXResourcesBuildPhase section */

/* Begin PBXSourcesBuildPhase section */
		AE260C752243CE82009E4346 /* Sources */ = {
			isa = PBXSourcesBuildPhase;
			buildActionMask = 2147483647;
			files = (
				AED3351C2243E48C00837358 /* ServiceError.swift in Sources */,
				AED335202243E7F700837358 /* URLRequestBuilder.swift in Sources */,
				AED335162243DE3200837358 /* ServerConfig.swift in Sources */,
				AED335122243DC3100837358 /* NetStakServiceConstants.swift in Sources */,
				AED3351E2243E71100837358 /* URLHelper.swift in Sources */,
				AE260C852243CEAA009E4346 /* NetStakSession.swift in Sources */,
				AED335142243DCFC00837358 /* ResponseProtocol.swift in Sources */,
				AED335182243E1E500837358 /* ServerConnection.swift in Sources */,
				AED335102243DBE300837358 /* RequestProtocol.swift in Sources */,
				AED3351A2243E45200837358 /* MockJsonReader.swift in Sources */,
			);
			runOnlyForDeploymentPostprocessing = 0;
		};
/* End PBXSourcesBuildPhase section */

/* Begin XCBuildConfiguration section */
		AE260C7F2243CE82009E4346 /* Debug */ = {
			isa = XCBuildConfiguration;
			buildSettings = {
				ALWAYS_SEARCH_USER_PATHS = NO;
				CLANG_ANALYZER_NONNULL = YES;
				CLANG_ANALYZER_NUMBER_OBJECT_CONVERSION = YES_AGGRESSIVE;
				CLANG_CXX_LANGUAGE_STANDARD = "gnu++14";
				CLANG_CXX_LIBRARY = "libc++";
				CLANG_ENABLE_MODULES = YES;
				CLANG_ENABLE_OBJC_ARC = YES;
				CLANG_ENABLE_OBJC_WEAK = YES;
				CLANG_WARN_BLOCK_CAPTURE_AUTORELEASING = YES;
				CLANG_WARN_BOOL_CONVERSION = YES;
				CLANG_WARN_COMMA = YES;
				CLANG_WARN_CONSTANT_CONVERSION = YES;
				CLANG_WARN_DEPRECATED_OBJC_IMPLEMENTATIONS = YES;
				CLANG_WARN_DIRECT_OBJC_ISA_USAGE = YES_ERROR;
				CLANG_WARN_DOCUMENTATION_COMMENTS = YES;
				CLANG_WARN_EMPTY_BODY = YES;
				CLANG_WARN_ENUM_CONVERSION = YES;
				CLANG_WARN_INFINITE_RECURSION = YES;
				CLANG_WARN_INT_CONVERSION = YES;
				CLANG_WARN_NON_LITERAL_NULL_CONVERSION = YES;
				CLANG_WARN_OBJC_IMPLICIT_RETAIN_SELF = YES;
				CLANG_WARN_OBJC_LITERAL_CONVERSION = YES;
				CLANG_WARN_OBJC_ROOT_CLASS = YES_ERROR;
				CLANG_WARN_RANGE_LOOP_ANALYSIS = YES;
				CLANG_WARN_STRICT_PROTOTYPES = YES;
				CLANG_WARN_SUSPICIOUS_MOVE = YES;
				CLANG_WARN_UNGUARDED_AVAILABILITY = YES_AGGRESSIVE;
				CLANG_WARN_UNREACHABLE_CODE = YES;
				CLANG_WARN__DUPLICATE_METHOD_MATCH = YES;
				CODE_SIGN_IDENTITY = "iPhone Developer";
				COPY_PHASE_STRIP = NO;
				CURRENT_PROJECT_VERSION = 1;
				DEBUG_INFORMATION_FORMAT = dwarf;
				ENABLE_STRICT_OBJC_MSGSEND = YES;
				ENABLE_TESTABILITY = YES;
				GCC_C_LANGUAGE_STANDARD = gnu11;
				GCC_DYNAMIC_NO_PIC = NO;
				GCC_NO_COMMON_BLOCKS = YES;
				GCC_OPTIMIZATION_LEVEL = 0;
				GCC_PREPROCESSOR_DEFINITIONS = (
					"DEBUG=1",
					"$(inherited)",
				);
				GCC_WARN_64_TO_32_BIT_CONVERSION = YES;
				GCC_WARN_ABOUT_RETURN_TYPE = YES_ERROR;
				GCC_WARN_UNDECLARED_SELECTOR = YES;
				GCC_WARN_UNINITIALIZED_AUTOS = YES_AGGRESSIVE;
				GCC_WARN_UNUSED_FUNCTION = YES;
				GCC_WARN_UNUSED_VARIABLE = YES;
				IPHONEOS_DEPLOYMENT_TARGET = 12.1;
				MTL_ENABLE_DEBUG_INFO = INCLUDE_SOURCE;
				MTL_FAST_MATH = YES;
				ONLY_ACTIVE_ARCH = YES;
				SDKROOT = iphoneos;
				SWIFT_ACTIVE_COMPILATION_CONDITIONS = DEBUG;
				SWIFT_OPTIMIZATION_LEVEL = "-Onone";
				VERSIONING_SYSTEM = "apple-generic";
				VERSION_INFO_PREFIX = "";
			};
			name = Debug;
		};
		AE260C802243CE82009E4346 /* Release */ = {
			isa = XCBuildConfiguration;
			buildSettings = {
				ALWAYS_SEARCH_USER_PATHS = NO;
				CLANG_ANALYZER_NONNULL = YES;
				CLANG_ANALYZER_NUMBER_OBJECT_CONVERSION = YES_AGGRESSIVE;
				CLANG_CXX_LANGUAGE_STANDARD = "gnu++14";
				CLANG_CXX_LIBRARY = "libc++";
				CLANG_ENABLE_MODULES = YES;
				CLANG_ENABLE_OBJC_ARC = YES;
				CLANG_ENABLE_OBJC_WEAK = YES;
				CLANG_WARN_BLOCK_CAPTURE_AUTORELEASING = YES;
				CLANG_WARN_BOOL_CONVERSION = YES;
				CLANG_WARN_COMMA = YES;
				CLANG_WARN_CONSTANT_CONVERSION = YES;
				CLANG_WARN_DEPRECATED_OBJC_IMPLEMENTATIONS = YES;
				CLANG_WARN_DIRECT_OBJC_ISA_USAGE = YES_ERROR;
				CLANG_WARN_DOCUMENTATION_COMMENTS = YES;
				CLANG_WARN_EMPTY_BODY = YES;
				CLANG_WARN_ENUM_CONVERSION = YES;
				CLANG_WARN_INFINITE_RECURSION = YES;
				CLANG_WARN_INT_CONVERSION = YES;
				CLANG_WARN_NON_LITERAL_NULL_CONVERSION = YES;
				CLANG_WARN_OBJC_IMPLICIT_RETAIN_SELF = YES;
				CLANG_WARN_OBJC_LITERAL_CONVERSION = YES;
				CLANG_WARN_OBJC_ROOT_CLASS = YES_ERROR;
				CLANG_WARN_RANGE_LOOP_ANALYSIS = YES;
				CLANG_WARN_STRICT_PROTOTYPES = YES;
				CLANG_WARN_SUSPICIOUS_MOVE = YES;
				CLANG_WARN_UNGUARDED_AVAILABILITY = YES_AGGRESSIVE;
				CLANG_WARN_UNREACHABLE_CODE = YES;
				CLANG_WARN__DUPLICATE_METHOD_MATCH = YES;
				CODE_SIGN_IDENTITY = "iPhone Developer";
				COPY_PHASE_STRIP = NO;
				CURRENT_PROJECT_VERSION = 1;
				DEBUG_INFORMATION_FORMAT = "dwarf-with-dsym";
				ENABLE_NS_ASSERTIONS = NO;
				ENABLE_STRICT_OBJC_MSGSEND = YES;
				GCC_C_LANGUAGE_STANDARD = gnu11;
				GCC_NO_COMMON_BLOCKS = YES;
				GCC_WARN_64_TO_32_BIT_CONVERSION = YES;
				GCC_WARN_ABOUT_RETURN_TYPE = YES_ERROR;
				GCC_WARN_UNDECLARED_SELECTOR = YES;
				GCC_WARN_UNINITIALIZED_AUTOS = YES_AGGRESSIVE;
				GCC_WARN_UNUSED_FUNCTION = YES;
				GCC_WARN_UNUSED_VARIABLE = YES;
				IPHONEOS_DEPLOYMENT_TARGET = 12.1;
				MTL_ENABLE_DEBUG_INFO = NO;
				MTL_FAST_MATH = YES;
				SDKROOT = iphoneos;
				SWIFT_COMPILATION_MODE = wholemodule;
				SWIFT_OPTIMIZATION_LEVEL = "-O";
				VALIDATE_PRODUCT = YES;
				VERSIONING_SYSTEM = "apple-generic";
				VERSION_INFO_PREFIX = "";
			};
			name = Release;
		};
		AE260C822243CE82009E4346 /* Debug */ = {
			isa = XCBuildConfiguration;
			buildSettings = {
				CLANG_ENABLE_MODULES = YES;
				CODE_SIGN_IDENTITY = "";
				CODE_SIGN_STYLE = Automatic;
				DEFINES_MODULE = YES;
				DEVELOPMENT_TEAM = 6WUZ2D4QXV;
				DYLIB_COMPATIBILITY_VERSION = 1;
				DYLIB_CURRENT_VERSION = 1;
				DYLIB_INSTALL_NAME_BASE = "@rpath";
				INFOPLIST_FILE = NetStak/Info.plist;
				INSTALL_PATH = "$(LOCAL_LIBRARY_DIR)/Frameworks";
				LD_RUNPATH_SEARCH_PATHS = (
					"$(inherited)",
					"@executable_path/Frameworks",
					"@loader_path/Frameworks",
				);
				PRODUCT_BUNDLE_IDENTIFIER = "KefBytes-LLC.NetStak";
				PRODUCT_NAME = "$(TARGET_NAME:c99extidentifier)";
				SKIP_INSTALL = YES;
				SWIFT_OPTIMIZATION_LEVEL = "-Onone";
				SWIFT_VERSION = 4.2;
				TARGETED_DEVICE_FAMILY = "1,2";
			};
			name = Debug;
		};
		AE260C832243CE82009E4346 /* Release */ = {
			isa = XCBuildConfiguration;
			buildSettings = {
				CLANG_ENABLE_MODULES = YES;
				CODE_SIGN_IDENTITY = "";
				CODE_SIGN_STYLE = Automatic;
				DEFINES_MODULE = YES;
				DEVELOPMENT_TEAM = 6WUZ2D4QXV;
				DYLIB_COMPATIBILITY_VERSION = 1;
				DYLIB_CURRENT_VERSION = 1;
				DYLIB_INSTALL_NAME_BASE = "@rpath";
				INFOPLIST_FILE = NetStak/Info.plist;
				INSTALL_PATH = "$(LOCAL_LIBRARY_DIR)/Frameworks";
				LD_RUNPATH_SEARCH_PATHS = (
					"$(inherited)",
					"@executable_path/Frameworks",
					"@loader_path/Frameworks",
				);
				PRODUCT_BUNDLE_IDENTIFIER = "KefBytes-LLC.NetStak";
				PRODUCT_NAME = "$(TARGET_NAME:c99extidentifier)";
				SKIP_INSTALL = YES;
				SWIFT_VERSION = 4.2;
				TARGETED_DEVICE_FAMILY = "1,2";
			};
			name = Release;
		};
/* End XCBuildConfiguration section */

/* Begin XCConfigurationList section */
		AE260C732243CE82009E4346 /* Build configuration list for PBXProject "NetStak" */ = {
			isa = XCConfigurationList;
			buildConfigurations = (
				AE260C7F2243CE82009E4346 /* Debug */,
				AE260C802243CE82009E4346 /* Release */,
			);
			defaultConfigurationIsVisible = 0;
			defaultConfigurationName = Release;
		};
		AE260C812243CE82009E4346 /* Build configuration list for PBXNativeTarget "NetStak" */ = {
			isa = XCConfigurationList;
			buildConfigurations = (
				AE260C822243CE82009E4346 /* Debug */,
				AE260C832243CE82009E4346 /* Release */,
			);
			defaultConfigurationIsVisible = 0;
			defaultConfigurationName = Release;
		};
/* End XCConfigurationList section */
	};
	rootObject = AE260C702243CE82009E4346 /* Project object */;
}
